{
  "lockfile_version": "1",
  "packages": {
    "github:NixOS/nixpkgs/nixpkgs-unstable": {
      "last_modified": "2025-07-07T01:36:15Z",
      "resolved": "github:NixOS/nixpkgs/2defa37146df235ef62f566cde69930a86f14df1?lastModified=1751852175&narHash=sha256-%2BMLlfTCCOvz4K6AcSPbaPiFM9MYi7fA2Wr1ibmRwIlM%3D"
    },
    "nodejs@20": {
      "last_modified": "2025-07-17T10:11:59Z",
      "plugin_version": "0.0.2",
      "resolved": "github:NixOS/nixpkgs/fa0ef8a6bb1651aa26c939aeb51b5f499e86b0ec#nodejs_20",
      "source": "devbox-search",
      "version": "20.19.3",
      "systems": {
        "aarch64-darwin": {
          "outputs": [
            {
              "name": "out",
              "path": "/nix/store/ziq8kikxqx0x7azvayw0c87b2fid2gxm-nodejs-20.19.3",
              "default": true
            },
            {
              "name": "dev",
              "path": "/nix/store/y2v3ra5j4qihwsbgm44y5aghzmyp0ihd-nodejs-20.19.3-dev"
            },
            {
              "name": "libv8",
              "path": "/nix/store/bkg0qwhgb0fm7s1vak2kxyw0liixsmyz-nodejs-20.19.3-libv8"
            }
          ],
          "store_path": "/nix/store/ziq8kikxqx0x7azvayw0c87b2fid2gxm-nodejs-20.19.3"
        },
        "aarch64-linux": {
          "outputs": [
            {
              "name": "out",
              "path": "/nix/store/q5dzva92svyaggw8q317vrycf3819klb-nodejs-20.19.3",
              "default": true
            },
            {
              "name": "dev",
              "path": "/nix/store/0gcxlbck2fsgxck9mxdzaz7pbnp7s1v4-nodejs-20.19.3-dev"
            },
            {
              "name": "libv8",
              "path": "/nix/store/ph00lsnk4zjf374picqpcd2xbz7lw7kg-nodejs-20.19.3-libv8"
            }
          ],
          "store_path": "/nix/store/q5dzva92svyaggw8q317vrycf3819klb-nodejs-20.19.3"
        },
        "x86_64-darwin": {
          "outputs": [
            {
              "name": "out",
              "path": "/nix/store/mkddjk5rywghc65bsdy9ywsimb8kvs61-nodejs-20.19.3",
              "default": true
            },
            {
              "name": "dev",
              "path": "/nix/store/a1bpjcgb0lf5wi05832dd828id5w6mqi-nodejs-20.19.3-dev"
            },
            {
              "name": "libv8",
              "path": "/nix/store/m8qvlazx3pwgmgs07ybyymav96i90z59-nodejs-20.19.3-libv8"
            }
          ],
          "store_path": "/nix/store/mkddjk5rywghc65bsdy9ywsimb8kvs61-nodejs-20.19.3"
        },
        "x86_64-linux": {
          "outputs": [
            {
              "name": "out",
              "path": "/nix/store/lz7iav1hd92jbv44zf2rdd7b2mj23536-nodejs-20.19.3",
              "default": true
            },
            {
              "name": "libv8",
              "path": "/nix/store/40y5gxvkl5g51pz0cvp1hn5dm10bncdb-nodejs-20.19.3-libv8"
            },
            {
              "name": "dev",
              "path": "/nix/store/ljli5b39d0fb9i8299ydf1fr6g7bqszs-nodejs-20.19.3-dev"
            }
          ],
          "store_path": "/nix/store/lz7iav1hd92jbv44zf2rdd7b2mj23536-nodejs-20.19.3"
        }
      }
    },
    "typescript@5.8.3": {
      "last_modified": "2025-07-18T03:30:42Z",
      "resolved": "github:NixOS/nixpkgs/e821e03193486359aa942372be2d9c1f377b7a18#typescript",
      "source": "devbox-search",
      "version": "5.8.3",
      "systems": {
        "aarch64-darwin": {
          "outputs": [
            {
              "name": "out",
              "path": "/nix/store/50cqj24p4i83xfr3iamiqlgl12cc0nd2-typescript-5.8.3",
              "default": true
            }
          ],
          "store_path": "/nix/store/50cqj24p4i83xfr3iamiqlgl12cc0nd2-typescript-5.8.3"
        },
        "aarch64-linux": {
          "outputs": [
            {
              "name": "out",
              "path": "/nix/store/ahh9q43kwi0xkb2d0dkfn4j765z779rp-typescript-5.8.3",
              "default": true
            }
          ],
          "store_path": "/nix/store/ahh9q43kwi0xkb2d0dkfn4j765z779rp-typescript-5.8.3"
        },
        "x86_64-darwin": {
          "outputs": [
            {
              "name": "out",
              "path": "/nix/store/ghj8sdhgv419g9cnm7xgk45if624630s-typescript-5.8.3",
              "default": true
            }
          ],
          "store_path": "/nix/store/ghj8sdhgv419g9cnm7xgk45if624630s-typescript-5.8.3"
        },
        "x86_64-linux": {
          "outputs": [
            {
              "name": "out",
              "path": "/nix/store/8y2ckpw2l0arpw5hwkl5bc4mf4abgf12-typescript-5.8.3",
              "default": true
            }
          ],
          "store_path": "/nix/store/8y2ckpw2l0arpw5hwkl5bc4mf4abgf12-typescript-5.8.3"
        }
      }
    }
  }
}
